// !$*UTF8*$!
{
	archiveVersion = 1;
	classes = {
	};
	objectVersion = 56;
	objects = {

/* Begin PBXBuildFile section */
		2B0D8D1C2B08DE2700F111A2 /* search.storyboard in Resources */ = {isa = PBXBuildFile; fileRef = 2B0D8D1B2B08DE2700F111A2 /* search.storyboard */; };
		2B0D8D1E2B08DE4C00F111A2 /* searchVC.swift in Sources */ = {isa = PBXBuildFile; fileRef = 2B0D8D1D2B08DE4C00F111A2 /* searchVC.swift */; };
		2B0D8D212B08DFEB00F111A2 /* feedViewController.swift in Sources */ = {isa = PBXBuildFile; fileRef = 2B0D8D202B08DFEB00F111A2 /* feedViewController.swift */; };
		2B0D8D232B08DFFD00F111A2 /* videosViewController.swift in Sources */ = {isa = PBXBuildFile; fileRef = 2B0D8D222B08DFFD00F111A2 /* videosViewController.swift */; };
		2B0D8D252B08E00900F111A2 /* savedViewController.swift in Sources */ = {isa = PBXBuildFile; fileRef = 2B0D8D242B08E00900F111A2 /* savedViewController.swift */; };
		2B0D8D272B08E01F00F111A2 /* saved.storyboard in Resources */ = {isa = PBXBuildFile; fileRef = 2B0D8D262B08E01F00F111A2 /* saved.storyboard */; };
		2B0D8D292B08E02C00F111A2 /* feed.storyboard in Resources */ = {isa = PBXBuildFile; fileRef = 2B0D8D282B08E02C00F111A2 /* feed.storyboard */; };
		2B0D8D2B2B08E03800F111A2 /* videos.storyboard in Resources */ = {isa = PBXBuildFile; fileRef = 2B0D8D2A2B08E03800F111A2 /* videos.storyboard */; };
		2B0D8D302B09A9FD00F111A2 /* breakingnewsModel.swift in Sources */ = {isa = PBXBuildFile; fileRef = 2B0D8D2F2B09A9FD00F111A2 /* breakingnewsModel.swift */; };
		2B0D8D362B09B21300F111A2 /* homepageViewmodel.swift in Sources */ = {isa = PBXBuildFile; fileRef = 2B0D8D352B09B21300F111A2 /* homepageViewmodel.swift */; };
		2B3A7DD12B1F7F4700362A92 /* categoriesLoadvc.swift in Sources */ = {isa = PBXBuildFile; fileRef = 2B3A7DD02B1F7F4700362A92 /* categoriesLoadvc.swift */; };
		2B3A7DD42B204E2400362A92 /* selectCategoriecell.swift in Sources */ = {isa = PBXBuildFile; fileRef = 2B3A7DD22B204E2400362A92 /* selectCategoriecell.swift */; };
		2B3A7DD52B204E2400362A92 /* selectCategoriecell.xib in Resources */ = {isa = PBXBuildFile; fileRef = 2B3A7DD32B204E2400362A92 /* selectCategoriecell.xib */; };
		2B3A7DDB2B204E8C00362A92 /* categorieTableViewCell.swift in Sources */ = {isa = PBXBuildFile; fileRef = 2B3A7DD92B204E8C00362A92 /* categorieTableViewCell.swift */; };
		2B3A7DDC2B204E8C00362A92 /* categorieTableViewCell.xib in Resources */ = {isa = PBXBuildFile; fileRef = 2B3A7DDA2B204E8C00362A92 /* categorieTableViewCell.xib */; };
		2B3A7DE22B21776300362A92 /* loaddataViewmodel.swift in Sources */ = {isa = PBXBuildFile; fileRef = 2B3A7DE12B21776300362A92 /* loaddataViewmodel.swift */; };
		2B3A7F0D2B3D57E600362A92 /* Settingpage.storyboard in Resources */ = {isa = PBXBuildFile; fileRef = 2B3A7F0C2B3D57E600362A92 /* Settingpage.storyboard */; };
		2B5528E62AF9196600154523 /* Tabbar.storyboard in Resources */ = {isa = PBXBuildFile; fileRef = 2B5528E52AF9196600154523 /* Tabbar.storyboard */; };
		2B5528E82AF91A7100154523 /* homeViewController.swift in Sources */ = {isa = PBXBuildFile; fileRef = 2B5528E72AF91A7100154523 /* homeViewController.swift */; };
		2B629F242B1DC24800E86D56 /* articleCell.swift in Sources */ = {isa = PBXBuildFile; fileRef = 2B629F222B1DC24800E86D56 /* articleCell.swift */; };
		2B629F252B1DC24800E86D56 /* articleCell.xib in Resources */ = {isa = PBXBuildFile; fileRef = 2B629F232B1DC24800E86D56 /* articleCell.xib */; };
		2B8686262AD80742004D85F5 /* signinViewController.swift in Sources */ = {isa = PBXBuildFile; fileRef = 2B8686252AD80742004D85F5 /* signinViewController.swift */; };
		2B8686282AD809D5004D85F5 /* languageViewController.swift in Sources */ = {isa = PBXBuildFile; fileRef = 2B8686272AD809D4004D85F5 /* languageViewController.swift */; };
		2B86862A2AD95D94004D85F5 /* CategoriesViewcontroller.swift in Sources */ = {isa = PBXBuildFile; fileRef = 2B8686292AD95D94004D85F5 /* CategoriesViewcontroller.swift */; };
		2B86862D2AD95FC4004D85F5 /* CategoriesCollectionViewCell.swift in Sources */ = {isa = PBXBuildFile; fileRef = 2B86862B2AD95FC4004D85F5 /* CategoriesCollectionViewCell.swift */; };
		2B86862E2AD95FC4004D85F5 /* CategoriesCollectionViewCell.xib in Resources */ = {isa = PBXBuildFile; fileRef = 2B86862C2AD95FC4004D85F5 /* CategoriesCollectionViewCell.xib */; };
		2B8686302ADA1520004D85F5 /* categoriesDataFile.swift in Sources */ = {isa = PBXBuildFile; fileRef = 2B86862F2ADA1520004D85F5 /* categoriesDataFile.swift */; };
		2B8686342ADD6DAB004D85F5 /* loginViewController.swift in Sources */ = {isa = PBXBuildFile; fileRef = 2B8686332ADD6DAB004D85F5 /* loginViewController.swift */; };
		2B8686362ADD8226004D85F5 /* loginVC.swift in Sources */ = {isa = PBXBuildFile; fileRef = 2B8686352ADD8226004D85F5 /* loginVC.swift */; };
		2B8686382ADE1BEB004D85F5 /* signinVC.swift in Sources */ = {isa = PBXBuildFile; fileRef = 2B8686372ADE1BEB004D85F5 /* signinVC.swift */; };
		2B86863A2ADEC35E004D85F5 /* OTPViewController.swift in Sources */ = {isa = PBXBuildFile; fileRef = 2B8686392ADEC35E004D85F5 /* OTPViewController.swift */; };
		2B86863D2AE2CE4B004D85F5 /* settingsViewController.swift in Sources */ = {isa = PBXBuildFile; fileRef = 2B86863C2AE2CE4B004D85F5 /* settingsViewController.swift */; };
		2B86863F2AE364BE004D85F5 /* aboutusViewController.swift in Sources */ = {isa = PBXBuildFile; fileRef = 2B86863E2AE364BE004D85F5 /* aboutusViewController.swift */; };
		2B8686432AE36FF4004D85F5 /* dataFile.swift in Sources */ = {isa = PBXBuildFile; fileRef = 2B8686422AE36FF4004D85F5 /* dataFile.swift */; };
		2B98D7792B1AF07D001D1106 /* searchTableViewCell.swift in Sources */ = {isa = PBXBuildFile; fileRef = 2B98D7772B1AF07D001D1106 /* searchTableViewCell.swift */; };
		2B98D77A2B1AF07D001D1106 /* searchTableViewCell.xib in Resources */ = {isa = PBXBuildFile; fileRef = 2B98D7782B1AF07D001D1106 /* searchTableViewCell.xib */; };
		2B98D77D2B1AF0BA001D1106 /* searchCollectionViewCell.swift in Sources */ = {isa = PBXBuildFile; fileRef = 2B98D77B2B1AF0BA001D1106 /* searchCollectionViewCell.swift */; };
		2B98D77E2B1AF0BA001D1106 /* searchCollectionViewCell.xib in Resources */ = {isa = PBXBuildFile; fileRef = 2B98D77C2B1AF0BA001D1106 /* searchCollectionViewCell.xib */; };
		2B98D7802B1B4898001D1106 /* searchViewmodel.swift in Sources */ = {isa = PBXBuildFile; fileRef = 2B98D77F2B1B4898001D1106 /* searchViewmodel.swift */; };
		2B9D1FED2AD56B3D003706AF /* AppDelegate.swift in Sources */ = {isa = PBXBuildFile; fileRef = 2B9D1FEC2AD56B3D003706AF /* AppDelegate.swift */; };
		2B9D1FEF2AD56B3D003706AF /* SceneDelegate.swift in Sources */ = {isa = PBXBuildFile; fileRef = 2B9D1FEE2AD56B3D003706AF /* SceneDelegate.swift */; };
		2B9D1FF12AD56B3D003706AF /* ViewController.swift in Sources */ = {isa = PBXBuildFile; fileRef = 2B9D1FF02AD56B3D003706AF /* ViewController.swift */; };
		2B9D1FF42AD56B3D003706AF /* Login.storyboard in Resources */ = {isa = PBXBuildFile; fileRef = 2B9D1FF22AD56B3D003706AF /* Login.storyboard */; };
		2B9D1FF72AD56B3D003706AF /* Lematinalproject.xcdatamodeld in Sources */ = {isa = PBXBuildFile; fileRef = 2B9D1FF52AD56B3D003706AF /* Lematinalproject.xcdatamodeld */; };
		2B9D1FF92AD56B3E003706AF /* Assets.xcassets in Resources */ = {isa = PBXBuildFile; fileRef = 2B9D1FF82AD56B3E003706AF /* Assets.xcassets */; };
		2B9D1FFC2AD56B3E003706AF /* LaunchScreen.storyboard in Resources */ = {isa = PBXBuildFile; fileRef = 2B9D1FFA2AD56B3E003706AF /* LaunchScreen.storyboard */; };
		2B9D20072AD56B3E003706AF /* LematinalprojectTests.swift in Sources */ = {isa = PBXBuildFile; fileRef = 2B9D20062AD56B3E003706AF /* LematinalprojectTests.swift */; };
		2B9D20112AD56B3E003706AF /* LematinalprojectUITests.swift in Sources */ = {isa = PBXBuildFile; fileRef = 2B9D20102AD56B3E003706AF /* LematinalprojectUITests.swift */; };
		2B9D20132AD56B3E003706AF /* LematinalprojectUITestsLaunchTests.swift in Sources */ = {isa = PBXBuildFile; fileRef = 2B9D20122AD56B3E003706AF /* LematinalprojectUITestsLaunchTests.swift */; };
		2B9D20202AD5705C003706AF /* onBoardingVC.swift in Sources */ = {isa = PBXBuildFile; fileRef = 2B9D201F2AD5705C003706AF /* onBoardingVC.swift */; };
		2B9D20232AD57387003706AF /* onboardingViewCell.swift in Sources */ = {isa = PBXBuildFile; fileRef = 2B9D20212AD57387003706AF /* onboardingViewCell.swift */; };
		2B9D20242AD57387003706AF /* onboardingViewCell.xib in Resources */ = {isa = PBXBuildFile; fileRef = 2B9D20222AD57387003706AF /* onboardingViewCell.xib */; };
		2BA5CC072B590B9200F6BE75 /* profileDetailsTableViewCell.swift in Sources */ = {isa = PBXBuildFile; fileRef = 2BA5CC052B590B9200F6BE75 /* profileDetailsTableViewCell.swift */; };
		2BA5CC082B590B9200F6BE75 /* profileDetailsTableViewCell.xib in Resources */ = {isa = PBXBuildFile; fileRef = 2BA5CC062B590B9200F6BE75 /* profileDetailsTableViewCell.xib */; };
		2BA5CC0B2B590D1800F6BE75 /* accountsSettingTableViewCell.swift in Sources */ = {isa = PBXBuildFile; fileRef = 2BA5CC092B590D1800F6BE75 /* accountsSettingTableViewCell.swift */; };
		2BA5CC0C2B590D1800F6BE75 /* accountsSettingTableViewCell.xib in Resources */ = {isa = PBXBuildFile; fileRef = 2BA5CC0A2B590D1800F6BE75 /* accountsSettingTableViewCell.xib */; };
		2BA5CC0F2B590D6500F6BE75 /* otherSettingsTableViewCell.swift in Sources */ = {isa = PBXBuildFile; fileRef = 2BA5CC0D2B590D6500F6BE75 /* otherSettingsTableViewCell.swift */; };
		2BA5CC102B590D6500F6BE75 /* otherSettingsTableViewCell.xib in Resources */ = {isa = PBXBuildFile; fileRef = 2BA5CC0E2B590D6500F6BE75 /* otherSettingsTableViewCell.xib */; };
		2BA5CC132B5E620B00F6BE75 /* languageSelectionCell.swift in Sources */ = {isa = PBXBuildFile; fileRef = 2BA5CC112B5E620B00F6BE75 /* languageSelectionCell.swift */; };
		2BA5CC142B5E620B00F6BE75 /* languageSelectionCell.xib in Resources */ = {isa = PBXBuildFile; fileRef = 2BA5CC122B5E620B00F6BE75 /* languageSelectionCell.xib */; };
		2BA5CC172B5E701E00F6BE75 /* notificationCell.swift in Sources */ = {isa = PBXBuildFile; fileRef = 2BA5CC152B5E701E00F6BE75 /* notificationCell.swift */; };
		2BA5CC182B5E701E00F6BE75 /* notificationCell.xib in Resources */ = {isa = PBXBuildFile; fileRef = 2BA5CC162B5E701E00F6BE75 /* notificationCell.xib */; };
		2BA5CC1F2B5E71D500F6BE75 /* myTopicsCell.swift in Sources */ = {isa = PBXBuildFile; fileRef = 2BA5CC1D2B5E71D500F6BE75 /* myTopicsCell.swift */; };
		2BA5CC202B5E71D500F6BE75 /* myTopicsCell.xib in Resources */ = {isa = PBXBuildFile; fileRef = 2BA5CC1E2B5E71D500F6BE75 /* myTopicsCell.xib */; };
		2BA5CC252B5FA35000F6BE75 /* deleteAccountCell.swift in Sources */ = {isa = PBXBuildFile; fileRef = 2BA5CC232B5FA35000F6BE75 /* deleteAccountCell.swift */; };
		2BA5CC262B5FA35000F6BE75 /* deleteAccountCell.xib in Resources */ = {isa = PBXBuildFile; fileRef = 2BA5CC242B5FA35000F6BE75 /* deleteAccountCell.xib */; };
		2BA5CC292B5FA50500F6BE75 /* logoutCell.swift in Sources */ = {isa = PBXBuildFile; fileRef = 2BA5CC272B5FA50500F6BE75 /* logoutCell.swift */; };
		2BA5CC2A2B5FA50500F6BE75 /* logoutCell.xib in Resources */ = {isa = PBXBuildFile; fileRef = 2BA5CC282B5FA50500F6BE75 /* logoutCell.xib */; };
		2BD847712B0F7FE500EDB694 /* articlemodel.swift in Sources */ = {isa = PBXBuildFile; fileRef = 2BD847702B0F7FE500EDB694 /* articlemodel.swift */; };
		2BD8483F2B136A6600EDB694 /* featureTVC.swift in Sources */ = {isa = PBXBuildFile; fileRef = 2BD8483D2B136A6600EDB694 /* featureTVC.swift */; };
		2BD848402B136A6600EDB694 /* featureTVC.xib in Resources */ = {isa = PBXBuildFile; fileRef = 2BD8483E2B136A6600EDB694 /* featureTVC.xib */; };
		2BD8488E2B14E0B800EDB694 /* CollectionViewCell.swift in Sources */ = {isa = PBXBuildFile; fileRef = 2BD8488C2B14E0B800EDB694 /* CollectionViewCell.swift */; };
		2BD8488F2B14E0B800EDB694 /* CollectionViewCell.xib in Resources */ = {isa = PBXBuildFile; fileRef = 2BD8488D2B14E0B800EDB694 /* CollectionViewCell.xib */; };
		2BD848922B15C7B400EDB694 /* latestTableViewCell.swift in Sources */ = {isa = PBXBuildFile; fileRef = 2BD848902B15C7B400EDB694 /* latestTableViewCell.swift */; };
		2BD848932B15C7B400EDB694 /* latestTableViewCell.xib in Resources */ = {isa = PBXBuildFile; fileRef = 2BD848912B15C7B400EDB694 /* latestTableViewCell.xib */; };
		397EAA111C386D844FC43AC7 /* Pods_LematinalprojectTests.framework in Frameworks */ = {isa = PBXBuildFile; fileRef = 3283FFEA88F27BD0E54A1620 /* Pods_LematinalprojectTests.framework */; };
		409D0767F428CB36F8CE55B6 /* Pods_Lematinalproject_LematinalprojectUITests.framework in Frameworks */ = {isa = PBXBuildFile; fileRef = 2A3852F195762806AB385E8C /* Pods_Lematinalproject_LematinalprojectUITests.framework */; };
		74219B76C7B55A01C7C2C7CD /* Pods_Lematinalproject.framework in Frameworks */ = {isa = PBXBuildFile; fileRef = FDBD56B461458BE15C77D36C /* Pods_Lematinalproject.framework */; };
		D86984F02B08BE1F001F8DDA /* Home.storyboard in Resources */ = {isa = PBXBuildFile; fileRef = D86984EF2B08BE1F001F8DDA /* Home.storyboard */; };
		D86984F32B08C13A001F8DDA /* TabbarVC.swift in Sources */ = {isa = PBXBuildFile; fileRef = D86984F22B08C13A001F8DDA /* TabbarVC.swift */; };
		D86984FD2B0D92ED001F8DDA /* singelton.swift in Sources */ = {isa = PBXBuildFile; fileRef = D86984FC2B0D92ED001F8DDA /* singelton.swift */; };
		D86985002B0D9504001F8DDA /* urls.swift in Sources */ = {isa = PBXBuildFile; fileRef = D86984FF2B0D9504001F8DDA /* urls.swift */; };
/* End PBXBuildFile section */

/* Begin PBXContainerItemProxy section */
		2B9D20032AD56B3E003706AF /* PBXContainerItemProxy */ = {
			isa = PBXContainerItemProxy;
			containerPortal = 2B9D1FE12AD56B3D003706AF /* Project object */;
			proxyType = 1;
			remoteGlobalIDString = 2B9D1FE82AD56B3D003706AF;
			remoteInfo = Lematinalproject;
		};
		2B9D200D2AD56B3E003706AF /* PBXContainerItemProxy */ = {
			isa = PBXContainerItemProxy;
			containerPortal = 2B9D1FE12AD56B3D003706AF /* Project object */;
			proxyType = 1;
			remoteGlobalIDString = 2B9D1FE82AD56B3D003706AF;
			remoteInfo = Lematinalproject;
		};
/* End PBXContainerItemProxy section */

/* Begin PBXFileReference section */
		0FD7C72A600659FBEBE9F787 /* Pods-LematinalprojectTests.release.xcconfig */ = {isa = PBXFileReference; includeInIndex = 1; lastKnownFileType = text.xcconfig; name = "Pods-LematinalprojectTests.release.xcconfig"; path = "Target Support Files/Pods-LematinalprojectTests/Pods-LematinalprojectTests.release.xcconfig"; sourceTree = "<group>"; };
		280467585F1A5F671C4BC3A6 /* Pods-Lematinalproject.release.xcconfig */ = {isa = PBXFileReference; includeInIndex = 1; lastKnownFileType = text.xcconfig; name = "Pods-Lematinalproject.release.xcconfig"; path = "Target Support Files/Pods-Lematinalproject/Pods-Lematinalproject.release.xcconfig"; sourceTree = "<group>"; };
		2A3852F195762806AB385E8C /* Pods_Lematinalproject_LematinalprojectUITests.framework */ = {isa = PBXFileReference; explicitFileType = wrapper.framework; includeInIndex = 0; path = Pods_Lematinalproject_LematinalprojectUITests.framework; sourceTree = BUILT_PRODUCTS_DIR; };
		2B0D8D1B2B08DE2700F111A2 /* search.storyboard */ = {isa = PBXFileReference; lastKnownFileType = file.storyboard; path = search.storyboard; sourceTree = "<group>"; };
		2B0D8D1D2B08DE4C00F111A2 /* searchVC.swift */ = {isa = PBXFileReference; lastKnownFileType = sourcecode.swift; path = searchVC.swift; sourceTree = "<group>"; };
		2B0D8D202B08DFEB00F111A2 /* feedViewController.swift */ = {isa = PBXFileReference; lastKnownFileType = sourcecode.swift; path = feedViewController.swift; sourceTree = "<group>"; };
		2B0D8D222B08DFFD00F111A2 /* videosViewController.swift */ = {isa = PBXFileReference; lastKnownFileType = sourcecode.swift; path = videosViewController.swift; sourceTree = "<group>"; };
		2B0D8D242B08E00900F111A2 /* savedViewController.swift */ = {isa = PBXFileReference; lastKnownFileType = sourcecode.swift; path = savedViewController.swift; sourceTree = "<group>"; };
		2B0D8D262B08E01F00F111A2 /* saved.storyboard */ = {isa = PBXFileReference; lastKnownFileType = file.storyboard; path = saved.storyboard; sourceTree = "<group>"; };
		2B0D8D282B08E02C00F111A2 /* feed.storyboard */ = {isa = PBXFileReference; lastKnownFileType = file.storyboard; path = feed.storyboard; sourceTree = "<group>"; };
		2B0D8D2A2B08E03800F111A2 /* videos.storyboard */ = {isa = PBXFileReference; lastKnownFileType = file.storyboard; path = videos.storyboard; sourceTree = "<group>"; };
		2B0D8D2F2B09A9FD00F111A2 /* breakingnewsModel.swift */ = {isa = PBXFileReference; lastKnownFileType = sourcecode.swift; path = breakingnewsModel.swift; sourceTree = "<group>"; };
		2B0D8D352B09B21300F111A2 /* homepageViewmodel.swift */ = {isa = PBXFileReference; lastKnownFileType = sourcecode.swift; path = homepageViewmodel.swift; sourceTree = "<group>"; };
		2B3A7DD02B1F7F4700362A92 /* categoriesLoadvc.swift */ = {isa = PBXFileReference; lastKnownFileType = sourcecode.swift; path = categoriesLoadvc.swift; sourceTree = "<group>"; };
		2B3A7DD22B204E2400362A92 /* selectCategoriecell.swift */ = {isa = PBXFileReference; lastKnownFileType = sourcecode.swift; path = selectCategoriecell.swift; sourceTree = "<group>"; };
		2B3A7DD32B204E2400362A92 /* selectCategoriecell.xib */ = {isa = PBXFileReference; lastKnownFileType = file.xib; path = selectCategoriecell.xib; sourceTree = "<group>"; };
		2B3A7DD92B204E8C00362A92 /* categorieTableViewCell.swift */ = {isa = PBXFileReference; lastKnownFileType = sourcecode.swift; path = categorieTableViewCell.swift; sourceTree = "<group>"; };
		2B3A7DDA2B204E8C00362A92 /* categorieTableViewCell.xib */ = {isa = PBXFileReference; lastKnownFileType = file.xib; path = categorieTableViewCell.xib; sourceTree = "<group>"; };
		2B3A7DE12B21776300362A92 /* loaddataViewmodel.swift */ = {isa = PBXFileReference; lastKnownFileType = sourcecode.swift; path = loaddataViewmodel.swift; sourceTree = "<group>"; };
		2B3A7F0C2B3D57E600362A92 /* Settingpage.storyboard */ = {isa = PBXFileReference; lastKnownFileType = file.storyboard; path = Settingpage.storyboard; sourceTree = "<group>"; };
		2B5528E52AF9196600154523 /* Tabbar.storyboard */ = {isa = PBXFileReference; lastKnownFileType = file.storyboard; path = Tabbar.storyboard; sourceTree = "<group>"; };
		2B5528E72AF91A7100154523 /* homeViewController.swift */ = {isa = PBXFileReference; lastKnownFileType = sourcecode.swift; path = homeViewController.swift; sourceTree = "<group>"; };
		2B629F222B1DC24800E86D56 /* articleCell.swift */ = {isa = PBXFileReference; lastKnownFileType = sourcecode.swift; path = articleCell.swift; sourceTree = "<group>"; };
		2B629F232B1DC24800E86D56 /* articleCell.xib */ = {isa = PBXFileReference; lastKnownFileType = file.xib; path = articleCell.xib; sourceTree = "<group>"; };
		2B8686252AD80742004D85F5 /* signinViewController.swift */ = {isa = PBXFileReference; lastKnownFileType = sourcecode.swift; path = signinViewController.swift; sourceTree = "<group>"; };
		2B8686272AD809D4004D85F5 /* languageViewController.swift */ = {isa = PBXFileReference; lastKnownFileType = sourcecode.swift; path = languageViewController.swift; sourceTree = "<group>"; };
		2B8686292AD95D94004D85F5 /* CategoriesViewcontroller.swift */ = {isa = PBXFileReference; lastKnownFileType = sourcecode.swift; path = CategoriesViewcontroller.swift; sourceTree = "<group>"; };
		2B86862B2AD95FC4004D85F5 /* CategoriesCollectionViewCell.swift */ = {isa = PBXFileReference; lastKnownFileType = sourcecode.swift; path = CategoriesCollectionViewCell.swift; sourceTree = "<group>"; };
		2B86862C2AD95FC4004D85F5 /* CategoriesCollectionViewCell.xib */ = {isa = PBXFileReference; lastKnownFileType = file.xib; path = CategoriesCollectionViewCell.xib; sourceTree = "<group>"; };
		2B86862F2ADA1520004D85F5 /* categoriesDataFile.swift */ = {isa = PBXFileReference; lastKnownFileType = sourcecode.swift; path = categoriesDataFile.swift; sourceTree = "<group>"; };
		2B8686332ADD6DAB004D85F5 /* loginViewController.swift */ = {isa = PBXFileReference; lastKnownFileType = sourcecode.swift; path = loginViewController.swift; sourceTree = "<group>"; };
		2B8686352ADD8226004D85F5 /* loginVC.swift */ = {isa = PBXFileReference; lastKnownFileType = sourcecode.swift; path = loginVC.swift; sourceTree = "<group>"; };
		2B8686372ADE1BEB004D85F5 /* signinVC.swift */ = {isa = PBXFileReference; lastKnownFileType = sourcecode.swift; path = signinVC.swift; sourceTree = "<group>"; };
		2B8686392ADEC35E004D85F5 /* OTPViewController.swift */ = {isa = PBXFileReference; lastKnownFileType = sourcecode.swift; path = OTPViewController.swift; sourceTree = "<group>"; };
		2B86863C2AE2CE4B004D85F5 /* settingsViewController.swift */ = {isa = PBXFileReference; lastKnownFileType = sourcecode.swift; path = settingsViewController.swift; sourceTree = "<group>"; };
		2B86863E2AE364BE004D85F5 /* aboutusViewController.swift */ = {isa = PBXFileReference; lastKnownFileType = sourcecode.swift; path = aboutusViewController.swift; sourceTree = "<group>"; };
		2B8686422AE36FF4004D85F5 /* dataFile.swift */ = {isa = PBXFileReference; lastKnownFileType = sourcecode.swift; path = dataFile.swift; sourceTree = "<group>"; };
		2B98D7772B1AF07D001D1106 /* searchTableViewCell.swift */ = {isa = PBXFileReference; lastKnownFileType = sourcecode.swift; path = searchTableViewCell.swift; sourceTree = "<group>"; };
		2B98D7782B1AF07D001D1106 /* searchTableViewCell.xib */ = {isa = PBXFileReference; lastKnownFileType = file.xib; path = searchTableViewCell.xib; sourceTree = "<group>"; };
		2B98D77B2B1AF0BA001D1106 /* searchCollectionViewCell.swift */ = {isa = PBXFileReference; lastKnownFileType = sourcecode.swift; path = searchCollectionViewCell.swift; sourceTree = "<group>"; };
		2B98D77C2B1AF0BA001D1106 /* searchCollectionViewCell.xib */ = {isa = PBXFileReference; lastKnownFileType = file.xib; path = searchCollectionViewCell.xib; sourceTree = "<group>"; };
		2B98D77F2B1B4898001D1106 /* searchViewmodel.swift */ = {isa = PBXFileReference; lastKnownFileType = sourcecode.swift; path = searchViewmodel.swift; sourceTree = "<group>"; };
		2B9D1FE92AD56B3D003706AF /* Lematinalproject.app */ = {isa = PBXFileReference; explicitFileType = wrapper.application; includeInIndex = 0; path = Lematinalproject.app; sourceTree = BUILT_PRODUCTS_DIR; };
		2B9D1FEC2AD56B3D003706AF /* AppDelegate.swift */ = {isa = PBXFileReference; lastKnownFileType = sourcecode.swift; path = AppDelegate.swift; sourceTree = "<group>"; };
		2B9D1FEE2AD56B3D003706AF /* SceneDelegate.swift */ = {isa = PBXFileReference; lastKnownFileType = sourcecode.swift; path = SceneDelegate.swift; sourceTree = "<group>"; };
		2B9D1FF02AD56B3D003706AF /* ViewController.swift */ = {isa = PBXFileReference; lastKnownFileType = sourcecode.swift; path = ViewController.swift; sourceTree = "<group>"; };
		2B9D1FF32AD56B3D003706AF /* Base */ = {isa = PBXFileReference; lastKnownFileType = file.storyboard; name = Base; path = Base.lproj/Login.storyboard; sourceTree = "<group>"; };
		2B9D1FF62AD56B3D003706AF /* Lematinalproject.xcdatamodel */ = {isa = PBXFileReference; lastKnownFileType = wrapper.xcdatamodel; path = Lematinalproject.xcdatamodel; sourceTree = "<group>"; };
		2B9D1FF82AD56B3E003706AF /* Assets.xcassets */ = {isa = PBXFileReference; lastKnownFileType = folder.assetcatalog; path = Assets.xcassets; sourceTree = "<group>"; };
		2B9D1FFB2AD56B3E003706AF /* Base */ = {isa = PBXFileReference; lastKnownFileType = file.storyboard; name = Base; path = Base.lproj/LaunchScreen.storyboard; sourceTree = "<group>"; };
		2B9D1FFD2AD56B3E003706AF /* Info.plist */ = {isa = PBXFileReference; lastKnownFileType = text.plist.xml; path = Info.plist; sourceTree = "<group>"; };
		2B9D20022AD56B3E003706AF /* LematinalprojectTests.xctest */ = {isa = PBXFileReference; explicitFileType = wrapper.cfbundle; includeInIndex = 0; path = LematinalprojectTests.xctest; sourceTree = BUILT_PRODUCTS_DIR; };
		2B9D20062AD56B3E003706AF /* LematinalprojectTests.swift */ = {isa = PBXFileReference; lastKnownFileType = sourcecode.swift; path = LematinalprojectTests.swift; sourceTree = "<group>"; };
		2B9D200C2AD56B3E003706AF /* LematinalprojectUITests.xctest */ = {isa = PBXFileReference; explicitFileType = wrapper.cfbundle; includeInIndex = 0; path = LematinalprojectUITests.xctest; sourceTree = BUILT_PRODUCTS_DIR; };
		2B9D20102AD56B3E003706AF /* LematinalprojectUITests.swift */ = {isa = PBXFileReference; lastKnownFileType = sourcecode.swift; path = LematinalprojectUITests.swift; sourceTree = "<group>"; };
		2B9D20122AD56B3E003706AF /* LematinalprojectUITestsLaunchTests.swift */ = {isa = PBXFileReference; lastKnownFileType = sourcecode.swift; path = LematinalprojectUITestsLaunchTests.swift; sourceTree = "<group>"; };
		2B9D201F2AD5705C003706AF /* onBoardingVC.swift */ = {isa = PBXFileReference; lastKnownFileType = sourcecode.swift; path = onBoardingVC.swift; sourceTree = "<group>"; };
		2B9D20212AD57387003706AF /* onboardingViewCell.swift */ = {isa = PBXFileReference; lastKnownFileType = sourcecode.swift; path = onboardingViewCell.swift; sourceTree = "<group>"; };
		2B9D20222AD57387003706AF /* onboardingViewCell.xib */ = {isa = PBXFileReference; lastKnownFileType = file.xib; path = onboardingViewCell.xib; sourceTree = "<group>"; };
		2BA5CC052B590B9200F6BE75 /* profileDetailsTableViewCell.swift */ = {isa = PBXFileReference; lastKnownFileType = sourcecode.swift; path = profileDetailsTableViewCell.swift; sourceTree = "<group>"; };
		2BA5CC062B590B9200F6BE75 /* profileDetailsTableViewCell.xib */ = {isa = PBXFileReference; lastKnownFileType = file.xib; path = profileDetailsTableViewCell.xib; sourceTree = "<group>"; };
		2BA5CC092B590D1800F6BE75 /* accountsSettingTableViewCell.swift */ = {isa = PBXFileReference; lastKnownFileType = sourcecode.swift; path = accountsSettingTableViewCell.swift; sourceTree = "<group>"; };
		2BA5CC0A2B590D1800F6BE75 /* accountsSettingTableViewCell.xib */ = {isa = PBXFileReference; lastKnownFileType = file.xib; path = accountsSettingTableViewCell.xib; sourceTree = "<group>"; };
		2BA5CC0D2B590D6500F6BE75 /* otherSettingsTableViewCell.swift */ = {isa = PBXFileReference; lastKnownFileType = sourcecode.swift; path = otherSettingsTableViewCell.swift; sourceTree = "<group>"; };
		2BA5CC0E2B590D6500F6BE75 /* otherSettingsTableViewCell.xib */ = {isa = PBXFileReference; lastKnownFileType = file.xib; path = otherSettingsTableViewCell.xib; sourceTree = "<group>"; };
		2BA5CC112B5E620B00F6BE75 /* languageSelectionCell.swift */ = {isa = PBXFileReference; lastKnownFileType = sourcecode.swift; path = languageSelectionCell.swift; sourceTree = "<group>"; };
		2BA5CC122B5E620B00F6BE75 /* languageSelectionCell.xib */ = {isa = PBXFileReference; lastKnownFileType = file.xib; path = languageSelectionCell.xib; sourceTree = "<group>"; };
		2BA5CC152B5E701E00F6BE75 /* notificationCell.swift */ = {isa = PBXFileReference; lastKnownFileType = sourcecode.swift; path = notificationCell.swift; sourceTree = "<group>"; };
		2BA5CC162B5E701E00F6BE75 /* notificationCell.xib */ = {isa = PBXFileReference; lastKnownFileType = file.xib; path = notificationCell.xib; sourceTree = "<group>"; };
		2BA5CC1D2B5E71D500F6BE75 /* myTopicsCell.swift */ = {isa = PBXFileReference; lastKnownFileType = sourcecode.swift; path = myTopicsCell.swift; sourceTree = "<group>"; };
		2BA5CC1E2B5E71D500F6BE75 /* myTopicsCell.xib */ = {isa = PBXFileReference; lastKnownFileType = file.xib; path = myTopicsCell.xib; sourceTree = "<group>"; };
		2BA5CC232B5FA35000F6BE75 /* deleteAccountCell.swift */ = {isa = PBXFileReference; lastKnownFileType = sourcecode.swift; path = deleteAccountCell.swift; sourceTree = "<group>"; };
		2BA5CC242B5FA35000F6BE75 /* deleteAccountCell.xib */ = {isa = PBXFileReference; lastKnownFileType = file.xib; path = deleteAccountCell.xib; sourceTree = "<group>"; };
		2BA5CC272B5FA50500F6BE75 /* logoutCell.swift */ = {isa = PBXFileReference; lastKnownFileType = sourcecode.swift; path = logoutCell.swift; sourceTree = "<group>"; };
		2BA5CC282B5FA50500F6BE75 /* logoutCell.xib */ = {isa = PBXFileReference; lastKnownFileType = file.xib; path = logoutCell.xib; sourceTree = "<group>"; };
		2BD847702B0F7FE500EDB694 /* articlemodel.swift */ = {isa = PBXFileReference; lastKnownFileType = sourcecode.swift; path = articlemodel.swift; sourceTree = "<group>"; };
		2BD8483D2B136A6600EDB694 /* featureTVC.swift */ = {isa = PBXFileReference; lastKnownFileType = sourcecode.swift; path = featureTVC.swift; sourceTree = "<group>"; };
		2BD8483E2B136A6600EDB694 /* featureTVC.xib */ = {isa = PBXFileReference; lastKnownFileType = file.xib; path = featureTVC.xib; sourceTree = "<group>"; };
		2BD8488C2B14E0B800EDB694 /* CollectionViewCell.swift */ = {isa = PBXFileReference; lastKnownFileType = sourcecode.swift; path = CollectionViewCell.swift; sourceTree = "<group>"; };
		2BD8488D2B14E0B800EDB694 /* CollectionViewCell.xib */ = {isa = PBXFileReference; lastKnownFileType = file.xib; path = CollectionViewCell.xib; sourceTree = "<group>"; };
		2BD848902B15C7B400EDB694 /* latestTableViewCell.swift */ = {isa = PBXFileReference; lastKnownFileType = sourcecode.swift; path = latestTableViewCell.swift; sourceTree = "<group>"; };
		2BD848912B15C7B400EDB694 /* latestTableViewCell.xib */ = {isa = PBXFileReference; lastKnownFileType = file.xib; path = latestTableViewCell.xib; sourceTree = "<group>"; };
		3283FFEA88F27BD0E54A1620 /* Pods_LematinalprojectTests.framework */ = {isa = PBXFileReference; explicitFileType = wrapper.framework; includeInIndex = 0; path = Pods_LematinalprojectTests.framework; sourceTree = BUILT_PRODUCTS_DIR; };
		42D9670CB8654E526BDA328D /* Pods-LematinalprojectTests.debug.xcconfig */ = {isa = PBXFileReference; includeInIndex = 1; lastKnownFileType = text.xcconfig; name = "Pods-LematinalprojectTests.debug.xcconfig"; path = "Target Support Files/Pods-LematinalprojectTests/Pods-LematinalprojectTests.debug.xcconfig"; sourceTree = "<group>"; };
		8E0373D61D3FA37941BF3B1A /* Pods-Lematinalproject-LematinalprojectUITests.debug.xcconfig */ = {isa = PBXFileReference; includeInIndex = 1; lastKnownFileType = text.xcconfig; name = "Pods-Lematinalproject-LematinalprojectUITests.debug.xcconfig"; path = "Target Support Files/Pods-Lematinalproject-LematinalprojectUITests/Pods-Lematinalproject-LematinalprojectUITests.debug.xcconfig"; sourceTree = "<group>"; };
		D86984EF2B08BE1F001F8DDA /* Home.storyboard */ = {isa = PBXFileReference; lastKnownFileType = file.storyboard; path = Home.storyboard; sourceTree = "<group>"; };
		D86984F22B08C13A001F8DDA /* TabbarVC.swift */ = {isa = PBXFileReference; lastKnownFileType = sourcecode.swift; path = TabbarVC.swift; sourceTree = "<group>"; };
		D86984FC2B0D92ED001F8DDA /* singelton.swift */ = {isa = PBXFileReference; lastKnownFileType = sourcecode.swift; path = singelton.swift; sourceTree = "<group>"; };
		D86984FF2B0D9504001F8DDA /* urls.swift */ = {isa = PBXFileReference; lastKnownFileType = sourcecode.swift; path = urls.swift; sourceTree = "<group>"; };
		E020B3405238A24F2BFF29A5 /* Pods-Lematinalproject-LematinalprojectUITests.release.xcconfig */ = {isa = PBXFileReference; includeInIndex = 1; lastKnownFileType = text.xcconfig; name = "Pods-Lematinalproject-LematinalprojectUITests.release.xcconfig"; path = "Target Support Files/Pods-Lematinalproject-LematinalprojectUITests/Pods-Lematinalproject-LematinalprojectUITests.release.xcconfig"; sourceTree = "<group>"; };
		E9D440748A9ED5258AB41CDC /* Pods-Lematinalproject.debug.xcconfig */ = {isa = PBXFileReference; includeInIndex = 1; lastKnownFileType = text.xcconfig; name = "Pods-Lematinalproject.debug.xcconfig"; path = "Target Support Files/Pods-Lematinalproject/Pods-Lematinalproject.debug.xcconfig"; sourceTree = "<group>"; };
		FDBD56B461458BE15C77D36C /* Pods_Lematinalproject.framework */ = {isa = PBXFileReference; explicitFileType = wrapper.framework; includeInIndex = 0; path = Pods_Lematinalproject.framework; sourceTree = BUILT_PRODUCTS_DIR; };
/* End PBXFileReference section */

/* Begin PBXFrameworksBuildPhase section */
		2B9D1FE62AD56B3D003706AF /* Frameworks */ = {
			isa = PBXFrameworksBuildPhase;
			buildActionMask = 2147483647;
			files = (
				74219B76C7B55A01C7C2C7CD /* Pods_Lematinalproject.framework in Frameworks */,
			);
			runOnlyForDeploymentPostprocessing = 0;
		};
		2B9D1FFF2AD56B3E003706AF /* Frameworks */ = {
			isa = PBXFrameworksBuildPhase;
			buildActionMask = 2147483647;
			files = (
				397EAA111C386D844FC43AC7 /* Pods_LematinalprojectTests.framework in Frameworks */,
			);
			runOnlyForDeploymentPostprocessing = 0;
		};
		2B9D20092AD56B3E003706AF /* Frameworks */ = {
			isa = PBXFrameworksBuildPhase;
			buildActionMask = 2147483647;
			files = (
				409D0767F428CB36F8CE55B6 /* Pods_Lematinalproject_LematinalprojectUITests.framework in Frameworks */,
			);
			runOnlyForDeploymentPostprocessing = 0;
		};
/* End PBXFrameworksBuildPhase section */

/* Begin PBXGroup section */
		06F58CB18C9AF2930F796717 /* Frameworks */ = {
			isa = PBXGroup;
			children = (
				FDBD56B461458BE15C77D36C /* Pods_Lematinalproject.framework */,
				2A3852F195762806AB385E8C /* Pods_Lematinalproject_LematinalprojectUITests.framework */,
				3283FFEA88F27BD0E54A1620 /* Pods_LematinalprojectTests.framework */,
			);
			name = Frameworks;
			sourceTree = "<group>";
		};
		2B0D8D1F2B08DF0100F111A2 /* Newsearch */ = {
			isa = PBXGroup;
			children = (
				2B0D8D1D2B08DE4C00F111A2 /* searchVC.swift */,
				2B98D77F2B1B4898001D1106 /* searchViewmodel.swift */,
				2B98D77B2B1AF0BA001D1106 /* searchCollectionViewCell.swift */,
				2B98D77C2B1AF0BA001D1106 /* searchCollectionViewCell.xib */,
				2B98D7772B1AF07D001D1106 /* searchTableViewCell.swift */,
				2B98D7782B1AF07D001D1106 /* searchTableViewCell.xib */,
				2B0D8D1B2B08DE2700F111A2 /* search.storyboard */,
			);
			path = Newsearch;
			sourceTree = "<group>";
		};
		2B0D8D2C2B08E05100F111A2 /* Saved */ = {
			isa = PBXGroup;
			children = (
				2B0D8D242B08E00900F111A2 /* savedViewController.swift */,
				2B0D8D262B08E01F00F111A2 /* saved.storyboard */,
			);
			path = Saved;
			sourceTree = "<group>";
		};
		2B0D8D2D2B08E06400F111A2 /* Feed */ = {
			isa = PBXGroup;
			children = (
				2B0D8D202B08DFEB00F111A2 /* feedViewController.swift */,
				2B0D8D282B08E02C00F111A2 /* feed.storyboard */,
			);
			path = Feed;
			sourceTree = "<group>";
		};
		2B0D8D2E2B08E07200F111A2 /* Videos */ = {
			isa = PBXGroup;
			children = (
				2B0D8D222B08DFFD00F111A2 /* videosViewController.swift */,
				2B0D8D2A2B08E03800F111A2 /* videos.storyboard */,
			);
			path = Videos;
			sourceTree = "<group>";
		};
		2B3A7DD62B204E2E00362A92 /* categorieselection */ = {
			isa = PBXGroup;
			children = (
				2B3A7DD02B1F7F4700362A92 /* categoriesLoadvc.swift */,
				2B3A7DE12B21776300362A92 /* loaddataViewmodel.swift */,
				2B3A7DD92B204E8C00362A92 /* categorieTableViewCell.swift */,
				2B3A7DDA2B204E8C00362A92 /* categorieTableViewCell.xib */,
				2B3A7DD22B204E2400362A92 /* selectCategoriecell.swift */,
				2B3A7DD32B204E2400362A92 /* selectCategoriecell.xib */,
			);
			path = categorieselection;
			sourceTree = "<group>";
		};
		2B8686242AD8024B004D85F5 /* onboarding */ = {
			isa = PBXGroup;
			children = (
				2B9D201F2AD5705C003706AF /* onBoardingVC.swift */,
				2B9D1FFA2AD56B3E003706AF /* LaunchScreen.storyboard */,
				2B9D20212AD57387003706AF /* onboardingViewCell.swift */,
				2B9D20222AD57387003706AF /* onboardingViewCell.xib */,
			);
			path = onboarding;
			sourceTree = "<group>";
		};
		2B8686322ADCC634004D85F5 /* categoriesVC */ = {
			isa = PBXGroup;
			children = (
				2B8686292AD95D94004D85F5 /* CategoriesViewcontroller.swift */,
				2B8686272AD809D4004D85F5 /* languageViewController.swift */,
				2B86862F2ADA1520004D85F5 /* categoriesDataFile.swift */,
				2B86862B2AD95FC4004D85F5 /* CategoriesCollectionViewCell.swift */,
				2B86862C2AD95FC4004D85F5 /* CategoriesCollectionViewCell.xib */,
			);
			path = categoriesVC;
			sourceTree = "<group>";
		};
		2B86863B2AE2BAAF004D85F5 /* login&sign&otp */ = {
			isa = PBXGroup;
			children = (
				D86984F42B08C4CB001F8DDA /* storyboards */,
				D86984F52B08C4ED001F8DDA /* View */,
			);
			path = "login&sign&otp";
			sourceTree = "<group>";
		};
		2B8686442AE3AF60004D85F5 /* setting */ = {
			isa = PBXGroup;
			children = (
				2B8686422AE36FF4004D85F5 /* dataFile.swift */,
				2B3A7F0C2B3D57E600362A92 /* Settingpage.storyboard */,
				2B86863C2AE2CE4B004D85F5 /* settingsViewController.swift */,
				2BA5CC052B590B9200F6BE75 /* profileDetailsTableViewCell.swift */,
				2BA5CC062B590B9200F6BE75 /* profileDetailsTableViewCell.xib */,
				2BA5CC0D2B590D6500F6BE75 /* otherSettingsTableViewCell.swift */,
				2BA5CC0E2B590D6500F6BE75 /* otherSettingsTableViewCell.xib */,
				2BA5CC232B5FA35000F6BE75 /* deleteAccountCell.swift */,
				2BA5CC242B5FA35000F6BE75 /* deleteAccountCell.xib */,
				2BA5CC272B5FA50500F6BE75 /* logoutCell.swift */,
				2BA5CC282B5FA50500F6BE75 /* logoutCell.xib */,
				2BA5CC212B5E73B500F6BE75 /* AccountSetting */,
				2B86863E2AE364BE004D85F5 /* aboutusViewController.swift */,
			);
			path = setting;
			sourceTree = "<group>";
		};
		2B9D1FE02AD56B3D003706AF = {
			isa = PBXGroup;
			children = (
				2B9D1FEB2AD56B3D003706AF /* Lematinalproject */,
				2B9D20052AD56B3E003706AF /* LematinalprojectTests */,
				2B9D200F2AD56B3E003706AF /* LematinalprojectUITests */,
				2B9D1FEA2AD56B3D003706AF /* Products */,
				62F29F39CB86D12362259D6E /* Pods */,
				06F58CB18C9AF2930F796717 /* Frameworks */,
			);
			sourceTree = "<group>";
		};
		2B9D1FEA2AD56B3D003706AF /* Products */ = {
			isa = PBXGroup;
			children = (
				2B9D1FE92AD56B3D003706AF /* Lematinalproject.app */,
				2B9D20022AD56B3E003706AF /* LematinalprojectTests.xctest */,
				2B9D200C2AD56B3E003706AF /* LematinalprojectUITests.xctest */,
			);
			name = Products;
			sourceTree = "<group>";
		};
		2B9D1FEB2AD56B3D003706AF /* Lematinalproject */ = {
			isa = PBXGroup;
			children = (
				D86984FE2B0D94EE001F8DDA /* constants */,
				D86984FB2B0D929B001F8DDA /* Extensions&wrappers */,
				D86984F62B08C53C001F8DDA /* Delegation */,
				2B9D1FF02AD56B3D003706AF /* ViewController.swift */,
				2BD847702B0F7FE500EDB694 /* articlemodel.swift */,
				2B3A7DD62B204E2E00362A92 /* categorieselection */,
				2B0D8D2D2B08E06400F111A2 /* Feed */,
				2BC3C83B2B0883C30057C948 /* home */,
				2B0D8D1F2B08DF0100F111A2 /* Newsearch */,
				2B0D8D2C2B08E05100F111A2 /* Saved */,
				2B0D8D2E2B08E07200F111A2 /* Videos */,
				D86984F12B08C114001F8DDA /* Tabbar */,
				2B8686442AE3AF60004D85F5 /* setting */,
				2B86863B2AE2BAAF004D85F5 /* login&sign&otp */,
				2B8686322ADCC634004D85F5 /* categoriesVC */,
				2B8686242AD8024B004D85F5 /* onboarding */,
				2B9D1FFD2AD56B3E003706AF /* Info.plist */,
			);
			path = Lematinalproject;
			sourceTree = "<group>";
		};
		2B9D20052AD56B3E003706AF /* LematinalprojectTests */ = {
			isa = PBXGroup;
			children = (
				2B9D20062AD56B3E003706AF /* LematinalprojectTests.swift */,
			);
			path = LematinalprojectTests;
			sourceTree = "<group>";
		};
		2B9D200F2AD56B3E003706AF /* LematinalprojectUITests */ = {
			isa = PBXGroup;
			children = (
				2B9D20102AD56B3E003706AF /* LematinalprojectUITests.swift */,
				2B9D20122AD56B3E003706AF /* LematinalprojectUITestsLaunchTests.swift */,
			);
			path = LematinalprojectUITests;
			sourceTree = "<group>";
		};
		2BA5CC212B5E73B500F6BE75 /* AccountSetting */ = {
			isa = PBXGroup;
			children = (
				2BA5CC092B590D1800F6BE75 /* accountsSettingTableViewCell.swift */,
				2BA5CC1D2B5E71D500F6BE75 /* myTopicsCell.swift */,
				2BA5CC1E2B5E71D500F6BE75 /* myTopicsCell.xib */,
				2BA5CC152B5E701E00F6BE75 /* notificationCell.swift */,
				2BA5CC162B5E701E00F6BE75 /* notificationCell.xib */,
				2BA5CC112B5E620B00F6BE75 /* languageSelectionCell.swift */,
				2BA5CC122B5E620B00F6BE75 /* languageSelectionCell.xib */,
				2BA5CC0A2B590D1800F6BE75 /* accountsSettingTableViewCell.xib */,
			);
			path = AccountSetting;
			sourceTree = "<group>";
		};
		2BC3C83B2B0883C30057C948 /* home */ = {
			isa = PBXGroup;
			children = (
				2B5528E72AF91A7100154523 /* homeViewController.swift */,
				2B629F222B1DC24800E86D56 /* articleCell.swift */,
				2B629F232B1DC24800E86D56 /* articleCell.xib */,
				2BD848902B15C7B400EDB694 /* latestTableViewCell.swift */,
				2BD848912B15C7B400EDB694 /* latestTableViewCell.xib */,
				2BD8488C2B14E0B800EDB694 /* CollectionViewCell.swift */,
				2BD8488D2B14E0B800EDB694 /* CollectionViewCell.xib */,
				2BD8483D2B136A6600EDB694 /* featureTVC.swift */,
				2BD8483E2B136A6600EDB694 /* featureTVC.xib */,
				2B0D8D352B09B21300F111A2 /* homepageViewmodel.swift */,
				2B0D8D2F2B09A9FD00F111A2 /* breakingnewsModel.swift */,
				D86984EF2B08BE1F001F8DDA /* Home.storyboard */,
			);
			path = home;
			sourceTree = "<group>";
		};
		62F29F39CB86D12362259D6E /* Pods */ = {
			isa = PBXGroup;
			children = (
				E9D440748A9ED5258AB41CDC /* Pods-Lematinalproject.debug.xcconfig */,
				280467585F1A5F671C4BC3A6 /* Pods-Lematinalproject.release.xcconfig */,
				8E0373D61D3FA37941BF3B1A /* Pods-Lematinalproject-LematinalprojectUITests.debug.xcconfig */,
				E020B3405238A24F2BFF29A5 /* Pods-Lematinalproject-LematinalprojectUITests.release.xcconfig */,
				42D9670CB8654E526BDA328D /* Pods-LematinalprojectTests.debug.xcconfig */,
				0FD7C72A600659FBEBE9F787 /* Pods-LematinalprojectTests.release.xcconfig */,
			);
			path = Pods;
			sourceTree = "<group>";
		};
		D86984F12B08C114001F8DDA /* Tabbar */ = {
			isa = PBXGroup;
			children = (
				2B5528E52AF9196600154523 /* Tabbar.storyboard */,
				D86984F22B08C13A001F8DDA /* TabbarVC.swift */,
			);
			path = Tabbar;
			sourceTree = "<group>";
		};
		D86984F42B08C4CB001F8DDA /* storyboards */ = {
			isa = PBXGroup;
			children = (
				2B9D1FF22AD56B3D003706AF /* Login.storyboard */,
			);
			path = storyboards;
			sourceTree = "<group>";
		};
		D86984F52B08C4ED001F8DDA /* View */ = {
			isa = PBXGroup;
			children = (
				2B8686332ADD6DAB004D85F5 /* loginViewController.swift */,
				2B8686352ADD8226004D85F5 /* loginVC.swift */,
				2B8686252AD80742004D85F5 /* signinViewController.swift */,
				2B8686372ADE1BEB004D85F5 /* signinVC.swift */,
				2B8686392ADEC35E004D85F5 /* OTPViewController.swift */,
			);
			path = View;
			sourceTree = "<group>";
		};
		D86984F62B08C53C001F8DDA /* Delegation */ = {
			isa = PBXGroup;
			children = (
				2B9D1FF82AD56B3E003706AF /* Assets.xcassets */,
				2B9D1FEC2AD56B3D003706AF /* AppDelegate.swift */,
				2B9D1FEE2AD56B3D003706AF /* SceneDelegate.swift */,
				2B9D1FF52AD56B3D003706AF /* Lematinalproject.xcdatamodeld */,
			);
			path = Delegation;
			sourceTree = "<group>";
		};
		D86984FB2B0D929B001F8DDA /* Extensions&wrappers */ = {
			isa = PBXGroup;
			children = (
				D86984FC2B0D92ED001F8DDA /* singelton.swift */,
			);
			path = "Extensions&wrappers";
			sourceTree = "<group>";
		};
		D86984FE2B0D94EE001F8DDA /* constants */ = {
			isa = PBXGroup;
			children = (
				D86984FF2B0D9504001F8DDA /* urls.swift */,
			);
			path = constants;
			sourceTree = "<group>";
		};
/* End PBXGroup section */

/* Begin PBXNativeTarget section */
		2B9D1FE82AD56B3D003706AF /* Lematinalproject */ = {
			isa = PBXNativeTarget;
			buildConfigurationList = 2B9D20162AD56B3E003706AF /* Build configuration list for PBXNativeTarget "Lematinalproject" */;
			buildPhases = (
				80991FFCA96CA42A5C446FEB /* [CP] Check Pods Manifest.lock */,
				2B9D1FE52AD56B3D003706AF /* Sources */,
				2B9D1FE62AD56B3D003706AF /* Frameworks */,
				2B9D1FE72AD56B3D003706AF /* Resources */,
				08D0A21F6E9F5453964DCE30 /* [CP] Embed Pods Frameworks */,
			);
			buildRules = (
			);
			dependencies = (
			);
			name = Lematinalproject;
			productName = Lematinalproject;
			productReference = 2B9D1FE92AD56B3D003706AF /* Lematinalproject.app */;
			productType = "com.apple.product-type.application";
		};
		2B9D20012AD56B3E003706AF /* LematinalprojectTests */ = {
			isa = PBXNativeTarget;
			buildConfigurationList = 2B9D20192AD56B3E003706AF /* Build configuration list for PBXNativeTarget "LematinalprojectTests" */;
			buildPhases = (
				1527A9B5103A6E7D3907B3AB /* [CP] Check Pods Manifest.lock */,
				2B9D1FFE2AD56B3E003706AF /* Sources */,
				2B9D1FFF2AD56B3E003706AF /* Frameworks */,
				2B9D20002AD56B3E003706AF /* Resources */,
			);
			buildRules = (
			);
			dependencies = (
				2B9D20042AD56B3E003706AF /* PBXTargetDependency */,
			);
			name = LematinalprojectTests;
			productName = LematinalprojectTests;
			productReference = 2B9D20022AD56B3E003706AF /* LematinalprojectTests.xctest */;
			productType = "com.apple.product-type.bundle.unit-test";
		};
		2B9D200B2AD56B3E003706AF /* LematinalprojectUITests */ = {
			isa = PBXNativeTarget;
			buildConfigurationList = 2B9D201C2AD56B3E003706AF /* Build configuration list for PBXNativeTarget "LematinalprojectUITests" */;
			buildPhases = (
				4910F3F54A30AFC1E5058707 /* [CP] Check Pods Manifest.lock */,
				2B9D20082AD56B3E003706AF /* Sources */,
				2B9D20092AD56B3E003706AF /* Frameworks */,
				2B9D200A2AD56B3E003706AF /* Resources */,
				04C4BDE2BC480DD65988965D /* [CP] Embed Pods Frameworks */,
			);
			buildRules = (
			);
			dependencies = (
				2B9D200E2AD56B3E003706AF /* PBXTargetDependency */,
			);
			name = LematinalprojectUITests;
			productName = LematinalprojectUITests;
			productReference = 2B9D200C2AD56B3E003706AF /* LematinalprojectUITests.xctest */;
			productType = "com.apple.product-type.bundle.ui-testing";
		};
/* End PBXNativeTarget section */

/* Begin PBXProject section */
		2B9D1FE12AD56B3D003706AF /* Project object */ = {
			isa = PBXProject;
			attributes = {
				BuildIndependentTargetsInParallel = 1;
				LastSwiftUpdateCheck = 1430;
				LastUpgradeCheck = 1430;
				TargetAttributes = {
					2B9D1FE82AD56B3D003706AF = {
						CreatedOnToolsVersion = 14.3.1;
					};
					2B9D20012AD56B3E003706AF = {
						CreatedOnToolsVersion = 14.3.1;
						TestTargetID = 2B9D1FE82AD56B3D003706AF;
					};
					2B9D200B2AD56B3E003706AF = {
						CreatedOnToolsVersion = 14.3.1;
						TestTargetID = 2B9D1FE82AD56B3D003706AF;
					};
				};
			};
			buildConfigurationList = 2B9D1FE42AD56B3D003706AF /* Build configuration list for PBXProject "Lematinalproject" */;
			compatibilityVersion = "Xcode 14.0";
			developmentRegion = en;
			hasScannedForEncodings = 0;
			knownRegions = (
				en,
				Base,
			);
			mainGroup = 2B9D1FE02AD56B3D003706AF;
			productRefGroup = 2B9D1FEA2AD56B3D003706AF /* Products */;
			projectDirPath = "";
			projectRoot = "";
			targets = (
				2B9D1FE82AD56B3D003706AF /* Lematinalproject */,
				2B9D20012AD56B3E003706AF /* LematinalprojectTests */,
				2B9D200B2AD56B3E003706AF /* LematinalprojectUITests */,
			);
		};
/* End PBXProject section */

/* Begin PBXResourcesBuildPhase section */
		2B9D1FE72AD56B3D003706AF /* Resources */ = {
			isa = PBXResourcesBuildPhase;
			buildActionMask = 2147483647;
			files = (
				2B9D1FFC2AD56B3E003706AF /* LaunchScreen.storyboard in Resources */,
				2B5528E62AF9196600154523 /* Tabbar.storyboard in Resources */,
				2BA5CC102B590D6500F6BE75 /* otherSettingsTableViewCell.xib in Resources */,
				2BA5CC262B5FA35000F6BE75 /* deleteAccountCell.xib in Resources */,
				2BA5CC0C2B590D1800F6BE75 /* accountsSettingTableViewCell.xib in Resources */,
				2B86862E2AD95FC4004D85F5 /* CategoriesCollectionViewCell.xib in Resources */,
				2B9D20242AD57387003706AF /* onboardingViewCell.xib in Resources */,
				2B0D8D2B2B08E03800F111A2 /* videos.storyboard in Resources */,
				2B629F252B1DC24800E86D56 /* articleCell.xib in Resources */,
				2B9D1FF92AD56B3E003706AF /* Assets.xcassets in Resources */,
				D86984F02B08BE1F001F8DDA /* Home.storyboard in Resources */,
				2B98D77A2B1AF07D001D1106 /* searchTableViewCell.xib in Resources */,
				2B0D8D1C2B08DE2700F111A2 /* search.storyboard in Resources */,
				2BD8488F2B14E0B800EDB694 /* CollectionViewCell.xib in Resources */,
				2BA5CC182B5E701E00F6BE75 /* notificationCell.xib in Resources */,
				2B98D77E2B1AF0BA001D1106 /* searchCollectionViewCell.xib in Resources */,
				2B3A7F0D2B3D57E600362A92 /* Settingpage.storyboard in Resources */,
				2B9D1FF42AD56B3D003706AF /* Login.storyboard in Resources */,
				2BA5CC202B5E71D500F6BE75 /* myTopicsCell.xib in Resources */,
				2B3A7DDC2B204E8C00362A92 /* categorieTableViewCell.xib in Resources */,
				2B0D8D292B08E02C00F111A2 /* feed.storyboard in Resources */,
				2BA5CC2A2B5FA50500F6BE75 /* logoutCell.xib in Resources */,
				2B0D8D272B08E01F00F111A2 /* saved.storyboard in Resources */,
				2BA5CC082B590B9200F6BE75 /* profileDetailsTableViewCell.xib in Resources */,
				2BA5CC142B5E620B00F6BE75 /* languageSelectionCell.xib in Resources */,
				2BD848932B15C7B400EDB694 /* latestTableViewCell.xib in Resources */,
				2BD848402B136A6600EDB694 /* featureTVC.xib in Resources */,
				2B3A7DD52B204E2400362A92 /* selectCategoriecell.xib in Resources */,
			);
			runOnlyForDeploymentPostprocessing = 0;
		};
		2B9D20002AD56B3E003706AF /* Resources */ = {
			isa = PBXResourcesBuildPhase;
			buildActionMask = 2147483647;
			files = (
			);
			runOnlyForDeploymentPostprocessing = 0;
		};
		2B9D200A2AD56B3E003706AF /* Resources */ = {
			isa = PBXResourcesBuildPhase;
			buildActionMask = 2147483647;
			files = (
			);
			runOnlyForDeploymentPostprocessing = 0;
		};
/* End PBXResourcesBuildPhase section */

/* Begin PBXShellScriptBuildPhase section */
		04C4BDE2BC480DD65988965D /* [CP] Embed Pods Frameworks */ = {
			isa = PBXShellScriptBuildPhase;
			buildActionMask = 2147483647;
			files = (
			);
			inputFileListPaths = (
				"${PODS_ROOT}/Target Support Files/Pods-Lematinalproject-LematinalprojectUITests/Pods-Lematinalproject-LematinalprojectUITests-frameworks-${CONFIGURATION}-input-files.xcfilelist",
			);
			name = "[CP] Embed Pods Frameworks";
			outputFileListPaths = (
				"${PODS_ROOT}/Target Support Files/Pods-Lematinalproject-LematinalprojectUITests/Pods-Lematinalproject-LematinalprojectUITests-frameworks-${CONFIGURATION}-output-files.xcfilelist",
			);
			runOnlyForDeploymentPostprocessing = 0;
			shellPath = /bin/sh;
			shellScript = "\"${PODS_ROOT}/Target Support Files/Pods-Lematinalproject-LematinalprojectUITests/Pods-Lematinalproject-LematinalprojectUITests-frameworks.sh\"\n";
			showEnvVarsInLog = 0;
		};
		08D0A21F6E9F5453964DCE30 /* [CP] Embed Pods Frameworks */ = {
			isa = PBXShellScriptBuildPhase;
			buildActionMask = 2147483647;
			files = (
			);
			inputFileListPaths = (
				"${PODS_ROOT}/Target Support Files/Pods-Lematinalproject/Pods-Lematinalproject-frameworks-${CONFIGURATION}-input-files.xcfilelist",
			);
			name = "[CP] Embed Pods Frameworks";
			outputFileListPaths = (
				"${PODS_ROOT}/Target Support Files/Pods-Lematinalproject/Pods-Lematinalproject-frameworks-${CONFIGURATION}-output-files.xcfilelist",
			);
			runOnlyForDeploymentPostprocessing = 0;
			shellPath = /bin/sh;
			shellScript = "\"${PODS_ROOT}/Target Support Files/Pods-Lematinalproject/Pods-Lematinalproject-frameworks.sh\"\n";
			showEnvVarsInLog = 0;
		};
		1527A9B5103A6E7D3907B3AB /* [CP] Check Pods Manifest.lock */ = {
			isa = PBXShellScriptBuildPhase;
			buildActionMask = 2147483647;
			files = (
			);
			inputFileListPaths = (
			);
			inputPaths = (
				"${PODS_PODFILE_DIR_PATH}/Podfile.lock",
				"${PODS_ROOT}/Manifest.lock",
			);
			name = "[CP] Check Pods Manifest.lock";
			outputFileListPaths = (
			);
			outputPaths = (
				"$(DERIVED_FILE_DIR)/Pods-LematinalprojectTests-checkManifestLockResult.txt",
			);
			runOnlyForDeploymentPostprocessing = 0;
			shellPath = /bin/sh;
			shellScript = "diff \"${PODS_PODFILE_DIR_PATH}/Podfile.lock\" \"${PODS_ROOT}/Manifest.lock\" > /dev/null\nif [ $? != 0 ] ; then\n    # print error to STDERR\n    echo \"error: The sandbox is not in sync with the Podfile.lock. Run 'pod install' or update your CocoaPods installation.\" >&2\n    exit 1\nfi\n# This output is used by Xcode 'outputs' to avoid re-running this script phase.\necho \"SUCCESS\" > \"${SCRIPT_OUTPUT_FILE_0}\"\n";
			showEnvVarsInLog = 0;
		};
		4910F3F54A30AFC1E5058707 /* [CP] Check Pods Manifest.lock */ = {
			isa = PBXShellScriptBuildPhase;
			buildActionMask = 2147483647;
			files = (
			);
			inputFileListPaths = (
			);
			inputPaths = (
				"${PODS_PODFILE_DIR_PATH}/Podfile.lock",
				"${PODS_ROOT}/Manifest.lock",
			);
			name = "[CP] Check Pods Manifest.lock";
			outputFileListPaths = (
			);
			outputPaths = (
				"$(DERIVED_FILE_DIR)/Pods-Lematinalproject-LematinalprojectUITests-checkManifestLockResult.txt",
			);
			runOnlyForDeploymentPostprocessing = 0;
			shellPath = /bin/sh;
			shellScript = "diff \"${PODS_PODFILE_DIR_PATH}/Podfile.lock\" \"${PODS_ROOT}/Manifest.lock\" > /dev/null\nif [ $? != 0 ] ; then\n    # print error to STDERR\n    echo \"error: The sandbox is not in sync with the Podfile.lock. Run 'pod install' or update your CocoaPods installation.\" >&2\n    exit 1\nfi\n# This output is used by Xcode 'outputs' to avoid re-running this script phase.\necho \"SUCCESS\" > \"${SCRIPT_OUTPUT_FILE_0}\"\n";
			showEnvVarsInLog = 0;
		};
		80991FFCA96CA42A5C446FEB /* [CP] Check Pods Manifest.lock */ = {
			isa = PBXShellScriptBuildPhase;
			buildActionMask = 2147483647;
			files = (
			);
			inputFileListPaths = (
			);
			inputPaths = (
				"${PODS_PODFILE_DIR_PATH}/Podfile.lock",
				"${PODS_ROOT}/Manifest.lock",
			);
			name = "[CP] Check Pods Manifest.lock";
			outputFileListPaths = (
			);
			outputPaths = (
				"$(DERIVED_FILE_DIR)/Pods-Lematinalproject-checkManifestLockResult.txt",
			);
			runOnlyForDeploymentPostprocessing = 0;
			shellPath = /bin/sh;
			shellScript = "diff \"${PODS_PODFILE_DIR_PATH}/Podfile.lock\" \"${PODS_ROOT}/Manifest.lock\" > /dev/null\nif [ $? != 0 ] ; then\n    # print error to STDERR\n    echo \"error: The sandbox is not in sync with the Podfile.lock. Run 'pod install' or update your CocoaPods installation.\" >&2\n    exit 1\nfi\n# This output is used by Xcode 'outputs' to avoid re-running this script phase.\necho \"SUCCESS\" > \"${SCRIPT_OUTPUT_FILE_0}\"\n";
			showEnvVarsInLog = 0;
		};
/* End PBXShellScriptBuildPhase section */

/* Begin PBXSourcesBuildPhase section */
		2B9D1FE52AD56B3D003706AF /* Sources */ = {
			isa = PBXSourcesBuildPhase;
			buildActionMask = 2147483647;
			files = (
				2BA5CC0F2B590D6500F6BE75 /* otherSettingsTableViewCell.swift in Sources */,
				2B86863A2ADEC35E004D85F5 /* OTPViewController.swift in Sources */,
				2B8686262AD80742004D85F5 /* signinViewController.swift in Sources */,
				2BA5CC252B5FA35000F6BE75 /* deleteAccountCell.swift in Sources */,
				2B9D1FF12AD56B3D003706AF /* ViewController.swift in Sources */,
				2BA5CC292B5FA50500F6BE75 /* logoutCell.swift in Sources */,
				2B3A7DD42B204E2400362A92 /* selectCategoriecell.swift in Sources */,
				D86985002B0D9504001F8DDA /* urls.swift in Sources */,
				2BD848922B15C7B400EDB694 /* latestTableViewCell.swift in Sources */,
				2B8686362ADD8226004D85F5 /* loginVC.swift in Sources */,
				2B98D77D2B1AF0BA001D1106 /* searchCollectionViewCell.swift in Sources */,
				2B3A7DE22B21776300362A92 /* loaddataViewmodel.swift in Sources */,
				2B8686282AD809D5004D85F5 /* languageViewController.swift in Sources */,
				2B9D20232AD57387003706AF /* onboardingViewCell.swift in Sources */,
				2B86862D2AD95FC4004D85F5 /* CategoriesCollectionViewCell.swift in Sources */,
				2B86863D2AE2CE4B004D85F5 /* settingsViewController.swift in Sources */,
				2B0D8D212B08DFEB00F111A2 /* feedViewController.swift in Sources */,
				2B629F242B1DC24800E86D56 /* articleCell.swift in Sources */,
				2BA5CC132B5E620B00F6BE75 /* languageSelectionCell.swift in Sources */,
				2B5528E82AF91A7100154523 /* homeViewController.swift in Sources */,
				2BA5CC0B2B590D1800F6BE75 /* accountsSettingTableViewCell.swift in Sources */,
				2BA5CC072B590B9200F6BE75 /* profileDetailsTableViewCell.swift in Sources */,
				D86984FD2B0D92ED001F8DDA /* singelton.swift in Sources */,
				2B8686382ADE1BEB004D85F5 /* signinVC.swift in Sources */,
				2B0D8D302B09A9FD00F111A2 /* breakingnewsModel.swift in Sources */,
				2B8686302ADA1520004D85F5 /* categoriesDataFile.swift in Sources */,
				2BD847712B0F7FE500EDB694 /* articlemodel.swift in Sources */,
				2B98D7792B1AF07D001D1106 /* searchTableViewCell.swift in Sources */,
				2B86862A2AD95D94004D85F5 /* CategoriesViewcontroller.swift in Sources */,
				2B8686432AE36FF4004D85F5 /* dataFile.swift in Sources */,
				2B0D8D252B08E00900F111A2 /* savedViewController.swift in Sources */,
				2B9D1FED2AD56B3D003706AF /* AppDelegate.swift in Sources */,
				2B0D8D1E2B08DE4C00F111A2 /* searchVC.swift in Sources */,
				D86984F32B08C13A001F8DDA /* TabbarVC.swift in Sources */,
				2BA5CC172B5E701E00F6BE75 /* notificationCell.swift in Sources */,
				2B8686342ADD6DAB004D85F5 /* loginViewController.swift in Sources */,
				2B9D20202AD5705C003706AF /* onBoardingVC.swift in Sources */,
				2BD8483F2B136A6600EDB694 /* featureTVC.swift in Sources */,
				2BD8488E2B14E0B800EDB694 /* CollectionViewCell.swift in Sources */,
				2B9D1FEF2AD56B3D003706AF /* SceneDelegate.swift in Sources */,
				2B98D7802B1B4898001D1106 /* searchViewmodel.swift in Sources */,
				2B0D8D362B09B21300F111A2 /* homepageViewmodel.swift in Sources */,
				2B86863F2AE364BE004D85F5 /* aboutusViewController.swift in Sources */,
				2BA5CC1F2B5E71D500F6BE75 /* myTopicsCell.swift in Sources */,
				2B3A7DD12B1F7F4700362A92 /* categoriesLoadvc.swift in Sources */,
				2B9D1FF72AD56B3D003706AF /* Lematinalproject.xcdatamodeld in Sources */,
				2B0D8D232B08DFFD00F111A2 /* videosViewController.swift in Sources */,
				2B3A7DDB2B204E8C00362A92 /* categorieTableViewCell.swift in Sources */,
			);
			runOnlyForDeploymentPostprocessing = 0;
		};
		2B9D1FFE2AD56B3E003706AF /* Sources */ = {
			isa = PBXSourcesBuildPhase;
			buildActionMask = 2147483647;
			files = (
				2B9D20072AD56B3E003706AF /* LematinalprojectTests.swift in Sources */,
			);
			runOnlyForDeploymentPostprocessing = 0;
		};
		2B9D20082AD56B3E003706AF /* Sources */ = {
			isa = PBXSourcesBuildPhase;
			buildActionMask = 2147483647;
			files = (
				2B9D20132AD56B3E003706AF /* LematinalprojectUITestsLaunchTests.swift in Sources */,
				2B9D20112AD56B3E003706AF /* LematinalprojectUITests.swift in Sources */,
			);
			runOnlyForDeploymentPostprocessing = 0;
		};
/* End PBXSourcesBuildPhase section */

/* Begin PBXTargetDependency section */
		2B9D20042AD56B3E003706AF /* PBXTargetDependency */ = {
			isa = PBXTargetDependency;
			target = 2B9D1FE82AD56B3D003706AF /* Lematinalproject */;
			targetProxy = 2B9D20032AD56B3E003706AF /* PBXContainerItemProxy */;
		};
		2B9D200E2AD56B3E003706AF /* PBXTargetDependency */ = {
			isa = PBXTargetDependency;
			target = 2B9D1FE82AD56B3D003706AF /* Lematinalproject */;
			targetProxy = 2B9D200D2AD56B3E003706AF /* PBXContainerItemProxy */;
		};
/* End PBXTargetDependency section */

/* Begin PBXVariantGroup section */
		2B9D1FF22AD56B3D003706AF /* Login.storyboard */ = {
			isa = PBXVariantGroup;
			children = (
				2B9D1FF32AD56B3D003706AF /* Base */,
			);
			name = Login.storyboard;
			sourceTree = "<group>";
		};
		2B9D1FFA2AD56B3E003706AF /* LaunchScreen.storyboard */ = {
			isa = PBXVariantGroup;
			children = (
				2B9D1FFB2AD56B3E003706AF /* Base */,
			);
			name = LaunchScreen.storyboard;
			sourceTree = "<group>";
		};
/* End PBXVariantGroup section */

/* Begin XCBuildConfiguration section */
		2B9D20142AD56B3E003706AF /* Debug */ = {
			isa = XCBuildConfiguration;
			buildSettings = {
				ALWAYS_SEARCH_USER_PATHS = NO;
				CLANG_ANALYZER_NONNULL = YES;
				CLANG_ANALYZER_NUMBER_OBJECT_CONVERSION = YES_AGGRESSIVE;
				CLANG_CXX_LANGUAGE_STANDARD = "gnu++20";
				CLANG_ENABLE_MODULES = YES;
				CLANG_ENABLE_OBJC_ARC = YES;
				CLANG_ENABLE_OBJC_WEAK = YES;
				CLANG_WARN_BLOCK_CAPTURE_AUTORELEASING = YES;
				CLANG_WARN_BOOL_CONVERSION = YES;
				CLANG_WARN_COMMA = YES;
				CLANG_WARN_CONSTANT_CONVERSION = YES;
				CLANG_WARN_DEPRECATED_OBJC_IMPLEMENTATIONS = YES;
				CLANG_WARN_DIRECT_OBJC_ISA_USAGE = YES_ERROR;
				CLANG_WARN_DOCUMENTATION_COMMENTS = YES;
				CLANG_WARN_EMPTY_BODY = YES;
				CLANG_WARN_ENUM_CONVERSION = YES;
				CLANG_WARN_INFINITE_RECURSION = YES;
				CLANG_WARN_INT_CONVERSION = YES;
				CLANG_WARN_NON_LITERAL_NULL_CONVERSION = YES;
				CLANG_WARN_OBJC_IMPLICIT_RETAIN_SELF = YES;
				CLANG_WARN_OBJC_LITERAL_CONVERSION = YES;
				CLANG_WARN_OBJC_ROOT_CLASS = YES_ERROR;
				CLANG_WARN_QUOTED_INCLUDE_IN_FRAMEWORK_HEADER = YES;
				CLANG_WARN_RANGE_LOOP_ANALYSIS = YES;
				CLANG_WARN_STRICT_PROTOTYPES = YES;
				CLANG_WARN_SUSPICIOUS_MOVE = YES;
				CLANG_WARN_UNGUARDED_AVAILABILITY = YES_AGGRESSIVE;
				CLANG_WARN_UNREACHABLE_CODE = YES;
				CLANG_WARN__DUPLICATE_METHOD_MATCH = YES;
				COPY_PHASE_STRIP = NO;
				DEBUG_INFORMATION_FORMAT = dwarf;
				ENABLE_STRICT_OBJC_MSGSEND = YES;
				ENABLE_TESTABILITY = YES;
				GCC_C_LANGUAGE_STANDARD = gnu11;
				GCC_DYNAMIC_NO_PIC = NO;
				GCC_NO_COMMON_BLOCKS = YES;
				GCC_OPTIMIZATION_LEVEL = 0;
				GCC_PREPROCESSOR_DEFINITIONS = (
					"DEBUG=1",
					"$(inherited)",
				);
				GCC_WARN_64_TO_32_BIT_CONVERSION = YES;
				GCC_WARN_ABOUT_RETURN_TYPE = YES_ERROR;
				GCC_WARN_UNDECLARED_SELECTOR = YES;
				GCC_WARN_UNINITIALIZED_AUTOS = YES_AGGRESSIVE;
				GCC_WARN_UNUSED_FUNCTION = YES;
				GCC_WARN_UNUSED_VARIABLE = YES;
				IPHONEOS_DEPLOYMENT_TARGET = 16.4;
				MTL_ENABLE_DEBUG_INFO = INCLUDE_SOURCE;
				MTL_FAST_MATH = YES;
				ONLY_ACTIVE_ARCH = YES;
				SDKROOT = iphoneos;
				SWIFT_ACTIVE_COMPILATION_CONDITIONS = DEBUG;
				SWIFT_OPTIMIZATION_LEVEL = "-Onone";
			};
			name = Debug;
		};
		2B9D20152AD56B3E003706AF /* Release */ = {
			isa = XCBuildConfiguration;
			buildSettings = {
				ALWAYS_SEARCH_USER_PATHS = NO;
				CLANG_ANALYZER_NONNULL = YES;
				CLANG_ANALYZER_NUMBER_OBJECT_CONVERSION = YES_AGGRESSIVE;
				CLANG_CXX_LANGUAGE_STANDARD = "gnu++20";
				CLANG_ENABLE_MODULES = YES;
				CLANG_ENABLE_OBJC_ARC = YES;
				CLANG_ENABLE_OBJC_WEAK = YES;
				CLANG_WARN_BLOCK_CAPTURE_AUTORELEASING = YES;
				CLANG_WARN_BOOL_CONVERSION = YES;
				CLANG_WARN_COMMA = YES;
				CLANG_WARN_CONSTANT_CONVERSION = YES;
				CLANG_WARN_DEPRECATED_OBJC_IMPLEMENTATIONS = YES;
				CLANG_WARN_DIRECT_OBJC_ISA_USAGE = YES_ERROR;
				CLANG_WARN_DOCUMENTATION_COMMENTS = YES;
				CLANG_WARN_EMPTY_BODY = YES;
				CLANG_WARN_ENUM_CONVERSION = YES;
				CLANG_WARN_INFINITE_RECURSION = YES;
				CLANG_WARN_INT_CONVERSION = YES;
				CLANG_WARN_NON_LITERAL_NULL_CONVERSION = YES;
				CLANG_WARN_OBJC_IMPLICIT_RETAIN_SELF = YES;
				CLANG_WARN_OBJC_LITERAL_CONVERSION = YES;
				CLANG_WARN_OBJC_ROOT_CLASS = YES_ERROR;
				CLANG_WARN_QUOTED_INCLUDE_IN_FRAMEWORK_HEADER = YES;
				CLANG_WARN_RANGE_LOOP_ANALYSIS = YES;
				CLANG_WARN_STRICT_PROTOTYPES = YES;
				CLANG_WARN_SUSPICIOUS_MOVE = YES;
				CLANG_WARN_UNGUARDED_AVAILABILITY = YES_AGGRESSIVE;
				CLANG_WARN_UNREACHABLE_CODE = YES;
				CLANG_WARN__DUPLICATE_METHOD_MATCH = YES;
				COPY_PHASE_STRIP = NO;
				DEBUG_INFORMATION_FORMAT = "dwarf-with-dsym";
				ENABLE_NS_ASSERTIONS = NO;
				ENABLE_STRICT_OBJC_MSGSEND = YES;
				GCC_C_LANGUAGE_STANDARD = gnu11;
				GCC_NO_COMMON_BLOCKS = YES;
				GCC_WARN_64_TO_32_BIT_CONVERSION = YES;
				GCC_WARN_ABOUT_RETURN_TYPE = YES_ERROR;
				GCC_WARN_UNDECLARED_SELECTOR = YES;
				GCC_WARN_UNINITIALIZED_AUTOS = YES_AGGRESSIVE;
				GCC_WARN_UNUSED_FUNCTION = YES;
				GCC_WARN_UNUSED_VARIABLE = YES;
				IPHONEOS_DEPLOYMENT_TARGET = 16.4;
				MTL_ENABLE_DEBUG_INFO = NO;
				MTL_FAST_MATH = YES;
				SDKROOT = iphoneos;
				SWIFT_COMPILATION_MODE = wholemodule;
				SWIFT_OPTIMIZATION_LEVEL = "-O";
				VALIDATE_PRODUCT = YES;
			};
			name = Release;
		};
		2B9D20172AD56B3E003706AF /* Debug */ = {
			isa = XCBuildConfiguration;
			baseConfigurationReference = E9D440748A9ED5258AB41CDC /* Pods-Lematinalproject.debug.xcconfig */;
			buildSettings = {
				ASSETCATALOG_COMPILER_APPICON_NAME = AppIcon;
				ASSETCATALOG_COMPILER_GLOBAL_ACCENT_COLOR_NAME = AccentColor;
				CODE_SIGN_STYLE = Automatic;
				CURRENT_PROJECT_VERSION = 1;
				GENERATE_INFOPLIST_FILE = YES;
				INFOPLIST_FILE = Lematinalproject/Info.plist;
				INFOPLIST_KEY_UIApplicationSupportsIndirectInputEvents = YES;
				INFOPLIST_KEY_UILaunchStoryboardName = LaunchScreen;
				INFOPLIST_KEY_UIMainStoryboardFile = Login;
				INFOPLIST_KEY_UISupportedInterfaceOrientations_iPad = "UIInterfaceOrientationPortrait UIInterfaceOrientationPortraitUpsideDown UIInterfaceOrientationLandscapeLeft UIInterfaceOrientationLandscapeRight";
				INFOPLIST_KEY_UISupportedInterfaceOrientations_iPhone = "UIInterfaceOrientationPortrait UIInterfaceOrientationLandscapeLeft UIInterfaceOrientationLandscapeRight";
				LD_RUNPATH_SEARCH_PATHS = (
					"$(inherited)",
					"@executable_path/Frameworks",
				);
				MARKETING_VERSION = 1.0;
				PRODUCT_BUNDLE_IDENTIFIER = learning.Lematinalproject;
				PRODUCT_NAME = "$(TARGET_NAME)";
				SWIFT_EMIT_LOC_STRINGS = YES;
				SWIFT_VERSION = 5.0;
				TARGETED_DEVICE_FAMILY = "1,2";
			};
			name = Debug;
		};
		2B9D20182AD56B3E003706AF /* Release */ = {
			isa = XCBuildConfiguration;
			baseConfigurationReference = 280467585F1A5F671C4BC3A6 /* Pods-Lematinalproject.release.xcconfig */;
			buildSettings = {
				ASSETCATALOG_COMPILER_APPICON_NAME = AppIcon;
				ASSETCATALOG_COMPILER_GLOBAL_ACCENT_COLOR_NAME = AccentColor;
				CODE_SIGN_STYLE = Automatic;
				CURRENT_PROJECT_VERSION = 1;
				GENERATE_INFOPLIST_FILE = YES;
				INFOPLIST_FILE = Lematinalproject/Info.plist;
				INFOPLIST_KEY_UIApplicationSupportsIndirectInputEvents = YES;
				INFOPLIST_KEY_UILaunchStoryboardName = LaunchScreen;
				INFOPLIST_KEY_UIMainStoryboardFile = Login;
				INFOPLIST_KEY_UISupportedInterfaceOrientations_iPad = "UIInterfaceOrientationPortrait UIInterfaceOrientationPortraitUpsideDown UIInterfaceOrientationLandscapeLeft UIInterfaceOrientationLandscapeRight";
				INFOPLIST_KEY_UISupportedInterfaceOrientations_iPhone = "UIInterfaceOrientationPortrait UIInterfaceOrientationLandscapeLeft UIInterfaceOrientationLandscapeRight";
				LD_RUNPATH_SEARCH_PATHS = (
					"$(inherited)",
					"@executable_path/Frameworks",
				);
				MARKETING_VERSION = 1.0;
				PRODUCT_BUNDLE_IDENTIFIER = learning.Lematinalproject;
				PRODUCT_NAME = "$(TARGET_NAME)";
				SWIFT_EMIT_LOC_STRINGS = YES;
				SWIFT_VERSION = 5.0;
				TARGETED_DEVICE_FAMILY = "1,2";
			};
			name = Release;
		};
		2B9D201A2AD56B3E003706AF /* Debug */ = {
			isa = XCBuildConfiguration;
			baseConfigurationReference = 42D9670CB8654E526BDA328D /* Pods-LematinalprojectTests.debug.xcconfig */;
			buildSettings = {
				ALWAYS_EMBED_SWIFT_STANDARD_LIBRARIES = YES;
				BUNDLE_LOADER = "$(TEST_HOST)";
				CODE_SIGN_STYLE = Automatic;
				CURRENT_PROJECT_VERSION = 1;
				GENERATE_INFOPLIST_FILE = YES;
				IPHONEOS_DEPLOYMENT_TARGET = 16.4;
				MARKETING_VERSION = 1.0;
				PRODUCT_BUNDLE_IDENTIFIER = learning.LematinalprojectTests;
				PRODUCT_NAME = "$(TARGET_NAME)";
				SWIFT_EMIT_LOC_STRINGS = NO;
				SWIFT_VERSION = 5.0;
				TARGETED_DEVICE_FAMILY = "1,2";
				TEST_HOST = "$(BUILT_PRODUCTS_DIR)/Lematinalproject.app/$(BUNDLE_EXECUTABLE_FOLDER_PATH)/Lematinalproject";
			};
			name = Debug;
		};
		2B9D201B2AD56B3E003706AF /* Release */ = {
			isa = XCBuildConfiguration;
			baseConfigurationReference = 0FD7C72A600659FBEBE9F787 /* Pods-LematinalprojectTests.release.xcconfig */;
			buildSettings = {
				ALWAYS_EMBED_SWIFT_STANDARD_LIBRARIES = YES;
				BUNDLE_LOADER = "$(TEST_HOST)";
				CODE_SIGN_STYLE = Automatic;
				CURRENT_PROJECT_VERSION = 1;
				GENERATE_INFOPLIST_FILE = YES;
				IPHONEOS_DEPLOYMENT_TARGET = 16.4;
				MARKETING_VERSION = 1.0;
				PRODUCT_BUNDLE_IDENTIFIER = learning.LematinalprojectTests;
				PRODUCT_NAME = "$(TARGET_NAME)";
				SWIFT_EMIT_LOC_STRINGS = NO;
				SWIFT_VERSION = 5.0;
				TARGETED_DEVICE_FAMILY = "1,2";
				TEST_HOST = "$(BUILT_PRODUCTS_DIR)/Lematinalproject.app/$(BUNDLE_EXECUTABLE_FOLDER_PATH)/Lematinalproject";
			};
			name = Release;
		};
		2B9D201D2AD56B3E003706AF /* Debug */ = {
			isa = XCBuildConfiguration;
			baseConfigurationReference = 8E0373D61D3FA37941BF3B1A /* Pods-Lematinalproject-LematinalprojectUITests.debug.xcconfig */;
			buildSettings = {
				ALWAYS_EMBED_SWIFT_STANDARD_LIBRARIES = YES;
				CODE_SIGN_STYLE = Automatic;
				CURRENT_PROJECT_VERSION = 1;
				GENERATE_INFOPLIST_FILE = YES;
				MARKETING_VERSION = 1.0;
				PRODUCT_BUNDLE_IDENTIFIER = learning.LematinalprojectUITests;
				PRODUCT_NAME = "$(TARGET_NAME)";
				SWIFT_EMIT_LOC_STRINGS = NO;
				SWIFT_VERSION = 5.0;
				TARGETED_DEVICE_FAMILY = "1,2";
				TEST_TARGET_NAME = Lematinalproject;
			};
			name = Debug;
		};
		2B9D201E2AD56B3E003706AF /* Release */ = {
			isa = XCBuildConfiguration;
			baseConfigurationReference = E020B3405238A24F2BFF29A5 /* Pods-Lematinalproject-LematinalprojectUITests.release.xcconfig */;
			buildSettings = {
				ALWAYS_EMBED_SWIFT_STANDARD_LIBRARIES = YES;
				CODE_SIGN_STYLE = Automatic;
				CURRENT_PROJECT_VERSION = 1;
				GENERATE_INFOPLIST_FILE = YES;
				MARKETING_VERSION = 1.0;
				PRODUCT_BUNDLE_IDENTIFIER = learning.LematinalprojectUITests;
				PRODUCT_NAME = "$(TARGET_NAME)";
				SWIFT_EMIT_LOC_STRINGS = NO;
				SWIFT_VERSION = 5.0;
				TARGETED_DEVICE_FAMILY = "1,2";
				TEST_TARGET_NAME = Lematinalproject;
			};
			name = Release;
		};
/* End XCBuildConfiguration section */

/* Begin XCConfigurationList section */
		2B9D1FE42AD56B3D003706AF /* Build configuration list for PBXProject "Lematinalproject" */ = {
			isa = XCConfigurationList;
			buildConfigurations = (
				2B9D20142AD56B3E003706AF /* Debug */,
				2B9D20152AD56B3E003706AF /* Release */,
			);
			defaultConfigurationIsVisible = 0;
			defaultConfigurationName = Release;
		};
		2B9D20162AD56B3E003706AF /* Build configuration list for PBXNativeTarget "Lematinalproject" */ = {
			isa = XCConfigurationList;
			buildConfigurations = (
				2B9D20172AD56B3E003706AF /* Debug */,
				2B9D20182AD56B3E003706AF /* Release */,
			);
			defaultConfigurationIsVisible = 0;
			defaultConfigurationName = Release;
		};
		2B9D20192AD56B3E003706AF /* Build configuration list for PBXNativeTarget "LematinalprojectTests" */ = {
			isa = XCConfigurationList;
			buildConfigurations = (
				2B9D201A2AD56B3E003706AF /* Debug */,
				2B9D201B2AD56B3E003706AF /* Release */,
			);
			defaultConfigurationIsVisible = 0;
			defaultConfigurationName = Release;
		};
		2B9D201C2AD56B3E003706AF /* Build configuration list for PBXNativeTarget "LematinalprojectUITests" */ = {
			isa = XCConfigurationList;
			buildConfigurations = (
				2B9D201D2AD56B3E003706AF /* Debug */,
				2B9D201E2AD56B3E003706AF /* Release */,
			);
			defaultConfigurationIsVisible = 0;
			defaultConfigurationName = Release;
		};
/* End XCConfigurationList section */

/* Begin XCVersionGroup section */
		2B9D1FF52AD56B3D003706AF /* Lematinalproject.xcdatamodeld */ = {
			isa = XCVersionGroup;
			children = (
				2B9D1FF62AD56B3D003706AF /* Lematinalproject.xcdatamodel */,
			);
			currentVersion = 2B9D1FF62AD56B3D003706AF /* Lematinalproject.xcdatamodel */;
			path = Lematinalproject.xcdatamodeld;
			sourceTree = "<group>";
			versionGroupType = wrapper.xcdatamodel;
		};
/* End XCVersionGroup section */
	};
	rootObject = 2B9D1FE12AD56B3D003706AF /* Project object */;
}
